
Microsoft Visual Studio Solution File, Format Version 12.00
# Visual Studio 15
VisualStudioVersion = 15.0.27428.2027
MinimumVisualStudioVersion = 10.0.40219.1
Project("{FAE04EC0-301F-11D3-BF4B-00C04F79EFBC}") = "DesignPatterns", "DesignPatterns\DesignPatterns.csproj", "{A809181F-D27A-4296-ACEF-ABAED92D32F4}"
EndProject
Global
	GlobalSection(SolutionConfigurationPlatforms) = preSolution
		Debug|Any CPU = Debug|Any CPU
		Release|Any CPU = Release|Any CPU
	EndGlobalSection
	GlobalSection(ProjectConfigurationPlatforms) = postSolution
		{A809181F-D27A-4296-ACEF-ABAED92D32F4}.Debug|Any CPU.ActiveCfg = Debug|Any CPU
		{A809181F-D27A-4296-ACEF-ABAED92D32F4}.Debug|Any CPU.Build.0 = Debug|Any CPU
		{A809181F-D27A-4296-ACEF-ABAED92D32F4}.Release|Any CPU.ActiveCfg = Release|Any CPU
		{A809181F-D27A-4296-ACEF-ABAED92D32F4}.Release|Any CPU.Build.0 = Release|Any CPU
	EndGlobalSection
	GlobalSection(SolutionProperties) = preSolution
		HideSolutionNode = FALSE
	EndGlobalSection
	GlobalSection(ExtensibilityGlobals) = postSolution
		SolutionGuid = {48A08204-297D-4D5B-8319-1AD4F41ABEE3}
	EndGlobalSection
EndGlobal
